
Microsoft Visual Studio Solution File, Format Version 12.00
# Visual Studio 15
VisualStudioVersion = 15.0.28307.572
MinimumVisualStudioVersion = 10.0.40219.1
Project("{FAE04EC0-301F-11D3-BF4B-00C04F79EFBC}") = "EasyEOrder.Web", "EasyEOrder\EasyEOrder.Web.csproj", "{5B2FE86E-CAC1-4B4D-975F-89C9491608A5}"
EndProject
Project("{FAE04EC0-301F-11D3-BF4B-00C04F79EFBC}") = "EasyEOrder.Dal", "EasyEOrder.Dal\EasyEOrder.Dal.csproj", "{71C6B679-99E9-445C-8A27-D1B0BBBB9D36}"
EndProject
Global
	GlobalSection(SolutionConfigurationPlatforms) = preSolution
		Debug|Any CPU = Debug|Any CPU
		Release|Any CPU = Release|Any CPU
	EndGlobalSection
	GlobalSection(ProjectConfigurationPlatforms) = postSolution
		{5B2FE86E-CAC1-4B4D-975F-89C9491608A5}.Debug|Any CPU.ActiveCfg = Debug|Any CPU
		{5B2FE86E-CAC1-4B4D-975F-89C9491608A5}.Debug|Any CPU.Build.0 = Debug|Any CPU
		{5B2FE86E-CAC1-4B4D-975F-89C9491608A5}.Release|Any CPU.ActiveCfg = Release|Any CPU
		{5B2FE86E-CAC1-4B4D-975F-89C9491608A5}.Release|Any CPU.Build.0 = Release|Any CPU
		{71C6B679-99E9-445C-8A27-D1B0BBBB9D36}.Debug|Any CPU.ActiveCfg = Debug|Any CPU
		{71C6B679-99E9-445C-8A27-D1B0BBBB9D36}.Debug|Any CPU.Build.0 = Debug|Any CPU
		{71C6B679-99E9-445C-8A27-D1B0BBBB9D36}.Release|Any CPU.ActiveCfg = Release|Any CPU
		{71C6B679-99E9-445C-8A27-D1B0BBBB9D36}.Release|Any CPU.Build.0 = Release|Any CPU
	EndGlobalSection
	GlobalSection(SolutionProperties) = preSolution
		HideSolutionNode = FALSE
	EndGlobalSection
	GlobalSection(ExtensibilityGlobals) = postSolution
		SolutionGuid = {C2DB5E9B-2AC8-4105-9AD2-CF29A53E151C}
	EndGlobalSection
EndGlobal
